
Microsoft Visual Studio Solution File, Format Version 12.00
# Visual Studio Version 17
VisualStudioVersion = 17.5.33424.131
MinimumVisualStudioVersion = 10.0.40219.1
Project("{FAE04EC0-301F-11D3-BF4B-00C04F79EFBC}") = "Users", "TaskManager\Users.csproj", "{AA0BF4E8-85D7-4A80-85BF-3EE05BD7EE8C}"
EndProject
Global
	GlobalSection(SolutionConfigurationPlatforms) = preSolution
		Debug|Any CPU = Debug|Any CPU
		Release|Any CPU = Release|Any CPU
	EndGlobalSection
	GlobalSection(ProjectConfigurationPlatforms) = postSolution
		{AA0BF4E8-85D7-4A80-85BF-3EE05BD7EE8C}.Debug|Any CPU.ActiveCfg = Debug|Any CPU
		{AA0BF4E8-85D7-4A80-85BF-3EE05BD7EE8C}.Debug|Any CPU.Build.0 = Debug|Any CPU
		{AA0BF4E8-85D7-4A80-85BF-3EE05BD7EE8C}.Release|Any CPU.ActiveCfg = Release|Any CPU
		{AA0BF4E8-85D7-4A80-85BF-3EE05BD7EE8C}.Release|Any CPU.Build.0 = Release|Any CPU
	EndGlobalSection
	GlobalSection(SolutionProperties) = preSolution
		HideSolutionNode = FALSE
	EndGlobalSection
	GlobalSection(ExtensibilityGlobals) = postSolution
		SolutionGuid = {5165366C-252D-4089-8374-0C2A09EBB54D}
	EndGlobalSection
EndGlobal
